
Microsoft Visual Studio Solution File, Format Version 12.00
# Visual Studio 15
VisualStudioVersion = 15.0.27130.2026
MinimumVisualStudioVersion = 10.0.40219.1
Project("{9A19103F-16F7-4668-BE54-9A1E7A4F7556}") = "FileViewer", "FileViewer\FileViewer\FileViewer.csproj", "{669C2CED-CFAF-43D9-9CBB-8B62FF2334EF}"
EndProject
Project("{FAE04EC0-301F-11D3-BF4B-00C04F79EFBC}") = "FileViewer.Android", "FileViewer\FileViewer.Android\FileViewer.Android.csproj", "{C7195EF3-243D-4954-971B-05087A4FB8FF}"
EndProject
Project("{FAE04EC0-301F-11D3-BF4B-00C04F79EFBC}") = "FileViewer.iOS", "FileViewer\FileViewer.iOS\FileViewer.iOS.csproj", "{EB381FFE-CA95-43E2-A910-43EC4FFC6FBF}"
EndProject
Project("{FAE04EC0-301F-11D3-BF4B-00C04F79EFBC}") = "FileViewer.UWP", "FileViewer\FileViewer.UWP\FileViewer.UWP.csproj", "{8AA08CC9-7129-4A5A-BE86-BFB3EA840AE5}"
EndProject
Global
	GlobalSection(SolutionConfigurationPlatforms) = preSolution
		Ad-Hoc|Any CPU = Ad-Hoc|Any CPU
		Ad-Hoc|ARM = Ad-Hoc|ARM
		Ad-Hoc|iPhone = Ad-Hoc|iPhone
		Ad-Hoc|iPhoneSimulator = Ad-Hoc|iPhoneSimulator
		Ad-Hoc|x64 = Ad-Hoc|x64
		Ad-Hoc|x86 = Ad-Hoc|x86
		AppStore|Any CPU = AppStore|Any CPU
		AppStore|ARM = AppStore|ARM
		AppStore|iPhone = AppStore|iPhone
		AppStore|iPhoneSimulator = AppStore|iPhoneSimulator
		AppStore|x64 = AppStore|x64
		AppStore|x86 = AppStore|x86
		Debug|Any CPU = Debug|Any CPU
		Debug|ARM = Debug|ARM
		Debug|iPhone = Debug|iPhone
		Debug|iPhoneSimulator = Debug|iPhoneSimulator
		Debug|x64 = Debug|x64
		Debug|x86 = Debug|x86
		Release|Any CPU = Release|Any CPU
		Release|ARM = Release|ARM
		Release|iPhone = Release|iPhone
		Release|iPhoneSimulator = Release|iPhoneSimulator
		Release|x64 = Release|x64
		Release|x86 = Release|x86
	EndGlobalSection
	GlobalSection(ProjectConfigurationPlatforms) = postSolution
		{669C2CED-CFAF-43D9-9CBB-8B62FF2334EF}.Ad-Hoc|Any CPU.ActiveCfg = Debug|Any CPU
		{669C2CED-CFAF-43D9-9CBB-8B62FF2334EF}.Ad-Hoc|Any CPU.Build.0 = Debug|Any CPU
		{669C2CED-CFAF-43D9-9CBB-8B62FF2334EF}.Ad-Hoc|ARM.ActiveCfg = Debug|Any CPU
		{669C2CED-CFAF-43D9-9CBB-8B62FF2334EF}.Ad-Hoc|ARM.Build.0 = Debug|Any CPU
		{669C2CED-CFAF-43D9-9CBB-8B62FF2334EF}.Ad-Hoc|iPhone.ActiveCfg = Debug|Any CPU
		{669C2CED-CFAF-43D9-9CBB-8B62FF2334EF}.Ad-Hoc|iPhone.Build.0 = Debug|Any CPU
		{669C2CED-CFAF-43D9-9CBB-8B62FF2334EF}.Ad-Hoc|iPhoneSimulator.ActiveCfg = Debug|Any CPU
		{669C2CED-CFAF-43D9-9CBB-8B62FF2334EF}.Ad-Hoc|iPhoneSimulator.Build.0 = Debug|Any CPU
		{669C2CED-CFAF-43D9-9CBB-8B62FF2334EF}.Ad-Hoc|x64.ActiveCfg = Debug|Any CPU
		{669C2CED-CFAF-43D9-9CBB-8B62FF2334EF}.Ad-Hoc|x64.Build.0 = Debug|Any CPU
		{669C2CED-CFAF-43D9-9CBB-8B62FF2334EF}.Ad-Hoc|x86.ActiveCfg = Debug|Any CPU
		{669C2CED-CFAF-43D9-9CBB-8B62FF2334EF}.Ad-Hoc|x86.Build.0 = Debug|Any CPU
		{669C2CED-CFAF-43D9-9CBB-8B62FF2334EF}.AppStore|Any CPU.ActiveCfg = Debug|Any CPU
		{669C2CED-CFAF-43D9-9CBB-8B62FF2334EF}.AppStore|Any CPU.Build.0 = Debug|Any CPU
		{669C2CED-CFAF-43D9-9CBB-8B62FF2334EF}.AppStore|ARM.ActiveCfg = Debug|Any CPU
		{669C2CED-CFAF-43D9-9CBB-8B62FF2334EF}.AppStore|ARM.Build.0 = Debug|Any CPU
		{669C2CED-CFAF-43D9-9CBB-8B62FF2334EF}.AppStore|iPhone.ActiveCfg = Debug|Any CPU
		{669C2CED-CFAF-43D9-9CBB-8B62FF2334EF}.AppStore|iPhone.Build.0 = Debug|Any CPU
		{669C2CED-CFAF-43D9-9CBB-8B62FF2334EF}.AppStore|iPhoneSimulator.ActiveCfg = Debug|Any CPU
		{669C2CED-CFAF-43D9-9CBB-8B62FF2334EF}.AppStore|iPhoneSimulator.Build.0 = Debug|Any CPU
		{669C2CED-CFAF-43D9-9CBB-8B62FF2334EF}.AppStore|x64.ActiveCfg = Debug|Any CPU
		{669C2CED-CFAF-43D9-9CBB-8B62FF2334EF}.AppStore|x64.Build.0 = Debug|Any CPU
		{669C2CED-CFAF-43D9-9CBB-8B62FF2334EF}.AppStore|x86.ActiveCfg = Debug|Any CPU
		{669C2CED-CFAF-43D9-9CBB-8B62FF2334EF}.AppStore|x86.Build.0 = Debug|Any CPU
		{669C2CED-CFAF-43D9-9CBB-8B62FF2334EF}.Debug|Any CPU.ActiveCfg = Debug|Any CPU
		{669C2CED-CFAF-43D9-9CBB-8B62FF2334EF}.Debug|Any CPU.Build.0 = Debug|Any CPU
		{669C2CED-CFAF-43D9-9CBB-8B62FF2334EF}.Debug|ARM.ActiveCfg = Debug|Any CPU
		{669C2CED-CFAF-43D9-9CBB-8B62FF2334EF}.Debug|ARM.Build.0 = Debug|Any CPU
		{669C2CED-CFAF-43D9-9CBB-8B62FF2334EF}.Debug|iPhone.ActiveCfg = Debug|Any CPU
		{669C2CED-CFAF-43D9-9CBB-8B62FF2334EF}.Debug|iPhone.Build.0 = Debug|Any CPU
		{669C2CED-CFAF-43D9-9CBB-8B62FF2334EF}.Debug|iPhoneSimulator.ActiveCfg = Debug|Any CPU
		{669C2CED-CFAF-43D9-9CBB-8B62FF2334EF}.Debug|iPhoneSimulator.Build.0 = Debug|Any CPU
		{669C2CED-CFAF-43D9-9CBB-8B62FF2334EF}.Debug|x64.ActiveCfg = Debug|Any CPU
		{669C2CED-CFAF-43D9-9CBB-8B62FF2334EF}.Debug|x64.Build.0 = Debug|Any CPU
		{669C2CED-CFAF-43D9-9CBB-8B62FF2334EF}.Debug|x86.ActiveCfg = Debug|Any CPU
		{669C2CED-CFAF-43D9-9CBB-8B62FF2334EF}.Debug|x86.Build.0 = Debug|Any CPU
		{669C2CED-CFAF-43D9-9CBB-8B62FF2334EF}.Release|Any CPU.ActiveCfg = Release|Any CPU
		{669C2CED-CFAF-43D9-9CBB-8B62FF2334EF}.Release|Any CPU.Build.0 = Release|Any CPU
		{669C2CED-CFAF-43D9-9CBB-8B62FF2334EF}.Release|ARM.ActiveCfg = Release|Any CPU
		{669C2CED-CFAF-43D9-9CBB-8B62FF2334EF}.Release|ARM.Build.0 = Release|Any CPU
		{669C2CED-CFAF-43D9-9CBB-8B62FF2334EF}.Release|iPhone.ActiveCfg = Release|Any CPU
		{669C2CED-CFAF-43D9-9CBB-8B62FF2334EF}.Release|iPhone.Build.0 = Release|Any CPU
		{669C2CED-CFAF-43D9-9CBB-8B62FF2334EF}.Release|iPhoneSimulator.ActiveCfg = Release|Any CPU
		{669C2CED-CFAF-43D9-9CBB-8B62FF2334EF}.Release|iPhoneSimulator.Build.0 = Release|Any CPU
		{669C2CED-CFAF-43D9-9CBB-8B62FF2334EF}.Release|x64.ActiveCfg = Release|Any CPU
		{669C2CED-CFAF-43D9-9CBB-8B62FF2334EF}.Release|x64.Build.0 = Release|Any CPU
		{669C2CED-CFAF-43D9-9CBB-8B62FF2334EF}.Release|x86.ActiveCfg = Release|Any CPU
		{669C2CED-CFAF-43D9-9CBB-8B62FF2334EF}.Release|x86.Build.0 = Release|Any CPU
		{C7195EF3-243D-4954-971B-05087A4FB8FF}.Ad-Hoc|Any CPU.ActiveCfg = Release|Any CPU
		{C7195EF3-243D-4954-971B-05087A4FB8FF}.Ad-Hoc|Any CPU.Build.0 = Release|Any CPU
		{C7195EF3-243D-4954-971B-05087A4FB8FF}.Ad-Hoc|Any CPU.Deploy.0 = Release|Any CPU
		{C7195EF3-243D-4954-971B-05087A4FB8FF}.Ad-Hoc|ARM.ActiveCfg = Release|Any CPU
		{C7195EF3-243D-4954-971B-05087A4FB8FF}.Ad-Hoc|ARM.Build.0 = Release|Any CPU
		{C7195EF3-243D-4954-971B-05087A4FB8FF}.Ad-Hoc|ARM.Deploy.0 = Release|Any CPU
		{C7195EF3-243D-4954-971B-05087A4FB8FF}.Ad-Hoc|iPhone.ActiveCfg = Release|Any CPU
		{C7195EF3-243D-4954-971B-05087A4FB8FF}.Ad-Hoc|iPhone.Build.0 = Release|Any CPU
		{C7195EF3-243D-4954-971B-05087A4FB8FF}.Ad-Hoc|iPhone.Deploy.0 = Release|Any CPU
		{C7195EF3-243D-4954-971B-05087A4FB8FF}.Ad-Hoc|iPhoneSimulator.ActiveCfg = Release|Any CPU
		{C7195EF3-243D-4954-971B-05087A4FB8FF}.Ad-Hoc|iPhoneSimulator.Build.0 = Release|Any CPU
		{C7195EF3-243D-4954-971B-05087A4FB8FF}.Ad-Hoc|iPhoneSimulator.Deploy.0 = Release|Any CPU
		{C7195EF3-243D-4954-971B-05087A4FB8FF}.Ad-Hoc|x64.ActiveCfg = Release|Any CPU
		{C7195EF3-243D-4954-971B-05087A4FB8FF}.Ad-Hoc|x64.Build.0 = Release|Any CPU
		{C7195EF3-243D-4954-971B-05087A4FB8FF}.Ad-Hoc|x64.Deploy.0 = Release|Any CPU
		{C7195EF3-243D-4954-971B-05087A4FB8FF}.Ad-Hoc|x86.ActiveCfg = Release|Any CPU
		{C7195EF3-243D-4954-971B-05087A4FB8FF}.Ad-Hoc|x86.Build.0 = Release|Any CPU
		{C7195EF3-243D-4954-971B-05087A4FB8FF}.Ad-Hoc|x86.Deploy.0 = Release|Any CPU
		{C7195EF3-243D-4954-971B-05087A4FB8FF}.AppStore|Any CPU.ActiveCfg = Release|Any CPU
		{C7195EF3-243D-4954-971B-05087A4FB8FF}.AppStore|Any CPU.Build.0 = Release|Any CPU
		{C7195EF3-243D-4954-971B-05087A4FB8FF}.AppStore|Any CPU.Deploy.0 = Release|Any CPU
		{C7195EF3-243D-4954-971B-05087A4FB8FF}.AppStore|ARM.ActiveCfg = Release|Any CPU
		{C7195EF3-243D-4954-971B-05087A4FB8FF}.AppStore|ARM.Build.0 = Release|Any CPU
		{C7195EF3-243D-4954-971B-05087A4FB8FF}.AppStore|ARM.Deploy.0 = Release|Any CPU
		{C7195EF3-243D-4954-971B-05087A4FB8FF}.AppStore|iPhone.ActiveCfg = Release|Any CPU
		{C7195EF3-243D-4954-971B-05087A4FB8FF}.AppStore|iPhone.Build.0 = Release|Any CPU
		{C7195EF3-243D-4954-971B-05087A4FB8FF}.AppStore|iPhone.Deploy.0 = Release|Any CPU
		{C7195EF3-243D-4954-971B-05087A4FB8FF}.AppStore|iPhoneSimulator.ActiveCfg = Release|Any CPU
		{C7195EF3-243D-4954-971B-05087A4FB8FF}.AppStore|iPhoneSimulator.Build.0 = Release|Any CPU
		{C7195EF3-243D-4954-971B-05087A4FB8FF}.AppStore|iPhoneSimulator.Deploy.0 = Release|Any CPU
		{C7195EF3-243D-4954-971B-05087A4FB8FF}.AppStore|x64.ActiveCfg = Release|Any CPU
		{C7195EF3-243D-4954-971B-05087A4FB8FF}.AppStore|x64.Build.0 = Release|Any CPU
		{C7195EF3-243D-4954-971B-05087A4FB8FF}.AppStore|x64.Deploy.0 = Release|Any CPU
		{C7195EF3-243D-4954-971B-05087A4FB8FF}.AppStore|x86.ActiveCfg = Release|Any CPU
		{C7195EF3-243D-4954-971B-05087A4FB8FF}.AppStore|x86.Build.0 = Release|Any CPU
		{C7195EF3-243D-4954-971B-05087A4FB8FF}.AppStore|x86.Deploy.0 = Release|Any CPU
		{C7195EF3-243D-4954-971B-05087A4FB8FF}.Debug|Any CPU.ActiveCfg = Debug|Any CPU
		{C7195EF3-243D-4954-971B-05087A4FB8FF}.Debug|Any CPU.Build.0 = Debug|Any CPU
		{C7195EF3-243D-4954-971B-05087A4FB8FF}.Debug|Any CPU.Deploy.0 = Debug|Any CPU
		{C7195EF3-243D-4954-971B-05087A4FB8FF}.Debug|ARM.ActiveCfg = Debug|Any CPU
		{C7195EF3-243D-4954-971B-05087A4FB8FF}.Debug|ARM.Build.0 = Debug|Any CPU
		{C7195EF3-243D-4954-971B-05087A4FB8FF}.Debug|ARM.Deploy.0 = Debug|Any CPU
		{C7195EF3-243D-4954-971B-05087A4FB8FF}.Debug|iPhone.ActiveCfg = Debug|Any CPU
		{C7195EF3-243D-4954-971B-05087A4FB8FF}.Debug|iPhone.Build.0 = Debug|Any CPU
		{C7195EF3-243D-4954-971B-05087A4FB8FF}.Debug|iPhone.Deploy.0 = Debug|Any CPU
		{C7195EF3-243D-4954-971B-05087A4FB8FF}.Debug|iPhoneSimulator.ActiveCfg = Debug|Any CPU
		{C7195EF3-243D-4954-971B-05087A4FB8FF}.Debug|iPhoneSimulator.Build.0 = Debug|Any CPU
		{C7195EF3-243D-4954-971B-05087A4FB8FF}.Debug|iPhoneSimulator.Deploy.0 = Debug|Any CPU
		{C7195EF3-243D-4954-971B-05087A4FB8FF}.Debug|x64.ActiveCfg = Debug|Any CPU
		{C7195EF3-243D-4954-971B-05087A4FB8FF}.Debug|x64.Build.0 = Debug|Any CPU
		{C7195EF3-243D-4954-971B-05087A4FB8FF}.Debug|x64.Deploy.0 = Debug|Any CPU
		{C7195EF3-243D-4954-971B-05087A4FB8FF}.Debug|x86.ActiveCfg = Debug|Any CPU
		{C7195EF3-243D-4954-971B-05087A4FB8FF}.Debug|x86.Build.0 = Debug|Any CPU
		{C7195EF3-243D-4954-971B-05087A4FB8FF}.Debug|x86.Deploy.0 = Debug|Any CPU
		{C7195EF3-243D-4954-971B-05087A4FB8FF}.Release|Any CPU.ActiveCfg = Release|Any CPU
		{C7195EF3-243D-4954-971B-05087A4FB8FF}.Release|Any CPU.Build.0 = Release|Any CPU
		{C7195EF3-243D-4954-971B-05087A4FB8FF}.Release|Any CPU.Deploy.0 = Release|Any CPU
		{C7195EF3-243D-4954-971B-05087A4FB8FF}.Release|ARM.ActiveCfg = Release|Any CPU
		{C7195EF3-243D-4954-971B-05087A4FB8FF}.Release|ARM.Build.0 = Release|Any CPU
		{C7195EF3-243D-4954-971B-05087A4FB8FF}.Release|ARM.Deploy.0 = Release|Any CPU
		{C7195EF3-243D-4954-971B-05087A4FB8FF}.Release|iPhone.ActiveCfg = Release|Any CPU
		{C7195EF3-243D-4954-971B-05087A4FB8FF}.Release|iPhone.Build.0 = Release|Any CPU
		{C7195EF3-243D-4954-971B-05087A4FB8FF}.Release|iPhone.Deploy.0 = Release|Any CPU
		{C7195EF3-243D-4954-971B-05087A4FB8FF}.Release|iPhoneSimulator.ActiveCfg = Release|Any CPU
		{C7195EF3-243D-4954-971B-05087A4FB8FF}.Release|iPhoneSimulator.Build.0 = Release|Any CPU
		{C7195EF3-243D-4954-971B-05087A4FB8FF}.Release|iPhoneSimulator.Deploy.0 = Release|Any CPU
		{C7195EF3-243D-4954-971B-05087A4FB8FF}.Release|x64.ActiveCfg = Release|Any CPU
		{C7195EF3-243D-4954-971B-05087A4FB8FF}.Release|x64.Build.0 = Release|Any CPU
		{C7195EF3-243D-4954-971B-05087A4FB8FF}.Release|x64.Deploy.0 = Release|Any CPU
		{C7195EF3-243D-4954-971B-05087A4FB8FF}.Release|x86.ActiveCfg = Release|Any CPU
		{C7195EF3-243D-4954-971B-05087A4FB8FF}.Release|x86.Build.0 = Release|Any CPU
		{C7195EF3-243D-4954-971B-05087A4FB8FF}.Release|x86.Deploy.0 = Release|Any CPU
		{EB381FFE-CA95-43E2-A910-43EC4FFC6FBF}.Ad-Hoc|Any CPU.ActiveCfg = Ad-Hoc|iPhone
		{EB381FFE-CA95-43E2-A910-43EC4FFC6FBF}.Ad-Hoc|ARM.ActiveCfg = Ad-Hoc|iPhone
		{EB381FFE-CA95-43E2-A910-43EC4FFC6FBF}.Ad-Hoc|iPhone.ActiveCfg = Ad-Hoc|iPhone
		{EB381FFE-CA95-43E2-A910-43EC4FFC6FBF}.Ad-Hoc|iPhone.Build.0 = Ad-Hoc|iPhone
		{EB381FFE-CA95-43E2-A910-43EC4FFC6FBF}.Ad-Hoc|iPhoneSimulator.ActiveCfg = Ad-Hoc|iPhoneSimulator
		{EB381FFE-CA95-43E2-A910-43EC4FFC6FBF}.Ad-Hoc|iPhoneSimulator.Build.0 = Ad-Hoc|iPhoneSimulator
		{EB381FFE-CA95-43E2-A910-43EC4FFC6FBF}.Ad-Hoc|x64.ActiveCfg = Ad-Hoc|iPhone
		{EB381FFE-CA95-43E2-A910-43EC4FFC6FBF}.Ad-Hoc|x86.ActiveCfg = Ad-Hoc|iPhone
		{EB381FFE-CA95-43E2-A910-43EC4FFC6FBF}.AppStore|Any CPU.ActiveCfg = AppStore|iPhone
		{EB381FFE-CA95-43E2-A910-43EC4FFC6FBF}.AppStore|ARM.ActiveCfg = AppStore|iPhone
		{EB381FFE-CA95-43E2-A910-43EC4FFC6FBF}.AppStore|iPhone.ActiveCfg = AppStore|iPhone
		{EB381FFE-CA95-43E2-A910-43EC4FFC6FBF}.AppStore|iPhone.Build.0 = AppStore|iPhone
		{EB381FFE-CA95-43E2-A910-43EC4FFC6FBF}.AppStore|iPhoneSimulator.ActiveCfg = AppStore|iPhoneSimulator
		{EB381FFE-CA95-43E2-A910-43EC4FFC6FBF}.AppStore|iPhoneSimulator.Build.0 = AppStore|iPhoneSimulator
		{EB381FFE-CA95-43E2-A910-43EC4FFC6FBF}.AppStore|x64.ActiveCfg = AppStore|iPhone
		{EB381FFE-CA95-43E2-A910-43EC4FFC6FBF}.AppStore|x86.ActiveCfg = AppStore|iPhone
		{EB381FFE-CA95-43E2-A910-43EC4FFC6FBF}.Debug|Any CPU.ActiveCfg = Debug|iPhone
		{EB381FFE-CA95-43E2-A910-43EC4FFC6FBF}.Debug|ARM.ActiveCfg = Debug|iPhone
		{EB381FFE-CA95-43E2-A910-43EC4FFC6FBF}.Debug|iPhone.ActiveCfg = Debug|iPhone
		{EB381FFE-CA95-43E2-A910-43EC4FFC6FBF}.Debug|iPhone.Build.0 = Debug|iPhone
		{EB381FFE-CA95-43E2-A910-43EC4FFC6FBF}.Debug|iPhoneSimulator.ActiveCfg = Debug|iPhoneSimulator
		{EB381FFE-CA95-43E2-A910-43EC4FFC6FBF}.Debug|iPhoneSimulator.Build.0 = Debug|iPhoneSimulator
		{EB381FFE-CA95-43E2-A910-43EC4FFC6FBF}.Debug|x64.ActiveCfg = Debug|iPhone
		{EB381FFE-CA95-43E2-A910-43EC4FFC6FBF}.Debug|x86.ActiveCfg = Debug|iPhone
		{EB381FFE-CA95-43E2-A910-43EC4FFC6FBF}.Release|Any CPU.ActiveCfg = Release|iPhone
		{EB381FFE-CA95-43E2-A910-43EC4FFC6FBF}.Release|ARM.ActiveCfg = Release|iPhone
		{EB381FFE-CA95-43E2-A910-43EC4FFC6FBF}.Release|iPhone.ActiveCfg = Release|iPhone
		{EB381FFE-CA95-43E2-A910-43EC4FFC6FBF}.Release|iPhone.Build.0 = Release|iPhone
		{EB381FFE-CA95-43E2-A910-43EC4FFC6FBF}.Release|iPhoneSimulator.ActiveCfg = Release|iPhoneSimulator
		{EB381FFE-CA95-43E2-A910-43EC4FFC6FBF}.Release|iPhoneSimulator.Build.0 = Release|iPhoneSimulator
		{EB381FFE-CA95-43E2-A910-43EC4FFC6FBF}.Release|x64.ActiveCfg = Release|iPhone
		{EB381FFE-CA95-43E2-A910-43EC4FFC6FBF}.Release|x86.ActiveCfg = Release|iPhone
		{8AA08CC9-7129-4A5A-BE86-BFB3EA840AE5}.Ad-Hoc|Any CPU.ActiveCfg = Release|x86
		{8AA08CC9-7129-4A5A-BE86-BFB3EA840AE5}.Ad-Hoc|Any CPU.Build.0 = Release|x86
		{8AA08CC9-7129-4A5A-BE86-BFB3EA840AE5}.Ad-Hoc|Any CPU.Deploy.0 = Release|x86
		{8AA08CC9-7129-4A5A-BE86-BFB3EA840AE5}.Ad-Hoc|ARM.ActiveCfg = Release|ARM
		{8AA08CC9-7129-4A5A-BE86-BFB3EA840AE5}.Ad-Hoc|ARM.Build.0 = Release|ARM
		{8AA08CC9-7129-4A5A-BE86-BFB3EA840AE5}.Ad-Hoc|ARM.Deploy.0 = Release|ARM
		{8AA08CC9-7129-4A5A-BE86-BFB3EA840AE5}.Ad-Hoc|iPhone.ActiveCfg = Release|x86
		{8AA08CC9-7129-4A5A-BE86-BFB3EA840AE5}.Ad-Hoc|iPhone.Build.0 = Release|x86
		{8AA08CC9-7129-4A5A-BE86-BFB3EA840AE5}.Ad-Hoc|iPhone.Deploy.0 = Release|x86
		{8AA08CC9-7129-4A5A-BE86-BFB3EA840AE5}.Ad-Hoc|iPhoneSimulator.ActiveCfg = Release|x86
		{8AA08CC9-7129-4A5A-BE86-BFB3EA840AE5}.Ad-Hoc|iPhoneSimulator.Build.0 = Release|x86
		{8AA08CC9-7129-4A5A-BE86-BFB3EA840AE5}.Ad-Hoc|iPhoneSimulator.Deploy.0 = Release|x86
		{8AA08CC9-7129-4A5A-BE86-BFB3EA840AE5}.Ad-Hoc|x64.ActiveCfg = Release|x64
		{8AA08CC9-7129-4A5A-BE86-BFB3EA840AE5}.Ad-Hoc|x64.Build.0 = Release|x64
		{8AA08CC9-7129-4A5A-BE86-BFB3EA840AE5}.Ad-Hoc|x64.Deploy.0 = Release|x64
		{8AA08CC9-7129-4A5A-BE86-BFB3EA840AE5}.Ad-Hoc|x86.ActiveCfg = Release|x86
		{8AA08CC9-7129-4A5A-BE86-BFB3EA840AE5}.Ad-Hoc|x86.Build.0 = Release|x86
		{8AA08CC9-7129-4A5A-BE86-BFB3EA840AE5}.Ad-Hoc|x86.Deploy.0 = Release|x86
		{8AA08CC9-7129-4A5A-BE86-BFB3EA840AE5}.AppStore|Any CPU.ActiveCfg = Release|x86
		{8AA08CC9-7129-4A5A-BE86-BFB3EA840AE5}.AppStore|Any CPU.Build.0 = Release|x86
		{8AA08CC9-7129-4A5A-BE86-BFB3EA840AE5}.AppStore|Any CPU.Deploy.0 = Release|x86
		{8AA08CC9-7129-4A5A-BE86-BFB3EA840AE5}.AppStore|ARM.ActiveCfg = Release|ARM
		{8AA08CC9-7129-4A5A-BE86-BFB3EA840AE5}.AppStore|ARM.Build.0 = Release|ARM
		{8AA08CC9-7129-4A5A-BE86-BFB3EA840AE5}.AppStore|ARM.Deploy.0 = Release|ARM
		{8AA08CC9-7129-4A5A-BE86-BFB3EA840AE5}.AppStore|iPhone.ActiveCfg = Release|x86
		{8AA08CC9-7129-4A5A-BE86-BFB3EA840AE5}.AppStore|iPhone.Build.0 = Release|x86
		{8AA08CC9-7129-4A5A-BE86-BFB3EA840AE5}.AppStore|iPhone.Deploy.0 = Release|x86
		{8AA08CC9-7129-4A5A-BE86-BFB3EA840AE5}.AppStore|iPhoneSimulator.ActiveCfg = Release|x86
		{8AA08CC9-7129-4A5A-BE86-BFB3EA840AE5}.AppStore|iPhoneSimulator.Build.0 = Release|x86
		{8AA08CC9-7129-4A5A-BE86-BFB3EA840AE5}.AppStore|iPhoneSimulator.Deploy.0 = Release|x86
		{8AA08CC9-7129-4A5A-BE86-BFB3EA840AE5}.AppStore|x64.ActiveCfg = Release|x64
		{8AA08CC9-7129-4A5A-BE86-BFB3EA840AE5}.AppStore|x64.Build.0 = Release|x64
		{8AA08CC9-7129-4A5A-BE86-BFB3EA840AE5}.AppStore|x64.Deploy.0 = Release|x64
		{8AA08CC9-7129-4A5A-BE86-BFB3EA840AE5}.AppStore|x86.ActiveCfg = Release|x86
		{8AA08CC9-7129-4A5A-BE86-BFB3EA840AE5}.AppStore|x86.Build.0 = Release|x86
		{8AA08CC9-7129-4A5A-BE86-BFB3EA840AE5}.AppStore|x86.Deploy.0 = Release|x86
		{8AA08CC9-7129-4A5A-BE86-BFB3EA840AE5}.Debug|Any CPU.ActiveCfg = Debug|x86
		{8AA08CC9-7129-4A5A-BE86-BFB3EA840AE5}.Debug|Any CPU.Build.0 = Debug|x86
		{8AA08CC9-7129-4A5A-BE86-BFB3EA840AE5}.Debug|Any CPU.Deploy.0 = Debug|x86
		{8AA08CC9-7129-4A5A-BE86-BFB3EA840AE5}.Debug|ARM.ActiveCfg = Debug|ARM
		{8AA08CC9-7129-4A5A-BE86-BFB3EA840AE5}.Debug|ARM.Build.0 = Debug|ARM
		{8AA08CC9-7129-4A5A-BE86-BFB3EA840AE5}.Debug|ARM.Deploy.0 = Debug|ARM
		{8AA08CC9-7129-4A5A-BE86-BFB3EA840AE5}.Debug|iPhone.ActiveCfg = Debug|x86
		{8AA08CC9-7129-4A5A-BE86-BFB3EA840AE5}.Debug|iPhoneSimulator.ActiveCfg = Debug|x86
		{8AA08CC9-7129-4A5A-BE86-BFB3EA840AE5}.Debug|x64.ActiveCfg = Debug|x64
		{8AA08CC9-7129-4A5A-BE86-BFB3EA840AE5}.Debug|x64.Build.0 = Debug|x64
		{8AA08CC9-7129-4A5A-BE86-BFB3EA840AE5}.Debug|x64.Deploy.0 = Debug|x64
		{8AA08CC9-7129-4A5A-BE86-BFB3EA840AE5}.Debug|x86.ActiveCfg = Debug|x86
		{8AA08CC9-7129-4A5A-BE86-BFB3EA840AE5}.Release|Any CPU.ActiveCfg = Release|x86
		{8AA08CC9-7129-4A5A-BE86-BFB3EA840AE5}.Release|ARM.ActiveCfg = Release|ARM
		{8AA08CC9-7129-4A5A-BE86-BFB3EA840AE5}.Release|ARM.Build.0 = Release|ARM
		{8AA08CC9-7129-4A5A-BE86-BFB3EA840AE5}.Release|ARM.Deploy.0 = Release|ARM
		{8AA08CC9-7129-4A5A-BE86-BFB3EA840AE5}.Release|iPhone.ActiveCfg = Release|x86
		{8AA08CC9-7129-4A5A-BE86-BFB3EA840AE5}.Release|iPhoneSimulator.ActiveCfg = Release|x86
		{8AA08CC9-7129-4A5A-BE86-BFB3EA840AE5}.Release|x64.ActiveCfg = Release|x64
		{8AA08CC9-7129-4A5A-BE86-BFB3EA840AE5}.Release|x64.Build.0 = Release|x64
		{8AA08CC9-7129-4A5A-BE86-BFB3EA840AE5}.Release|x64.Deploy.0 = Release|x64
		{8AA08CC9-7129-4A5A-BE86-BFB3EA840AE5}.Release|x86.ActiveCfg = Release|x86
		{8AA08CC9-7129-4A5A-BE86-BFB3EA840AE5}.Release|x86.Build.0 = Release|x86
		{8AA08CC9-7129-4A5A-BE86-BFB3EA840AE5}.Release|x86.Deploy.0 = Release|x86
	EndGlobalSection
	GlobalSection(SolutionProperties) = preSolution
		HideSolutionNode = FALSE
	EndGlobalSection
	GlobalSection(ExtensibilityGlobals) = postSolution
		SolutionGuid = {D21EC5D9-B086-44C7-A763-21C6AE0F1148}
	EndGlobalSection
EndGlobal
